hash: 56866ff99abd1fa03f084659f1e4cd9c3bbf2961419f910f5f1bbaf2af465a9d
updated: 2018-09-07T12:40:41.258223013Z
imports:
- name: github.com/golang/protobuf
  version: aa810b61a9c79d51363740d207bb46cf8e620ed5
  subpackages:
  - proto
  - protoc-gen-go/descriptor
  - protoc-gen-go/plugin
- name: google.golang.org/genproto
  version: 11092d34479b07829b72e10713b159248caf5dad
  subpackages:
  - googleapis/api/annotations
testImports: []
